
Microsoft Visual Studio Solution File, Format Version 12.00
# Visual Studio Version 18
VisualStudioVersion = 18.7.11903.348
MinimumVisualStudioVersion = 10.0.40219.1
Project("{FAE04EC0-301F-11D3-BF4B-00C04F79EFBC}") = "Demo", "WindowsFormsApp1\Demo.csproj", "{B26CFEDB-1042-470F-AE83-6AF82B45A2C2}"
EndProject
Global
	GlobalSection(SolutionConfigurationPlatforms) = preSolution
		Debug-2022|Any CPU = Debug-2022|Any CPU
		Release-2022|Any CPU = Release-2022|Any CPU
		Debug-2023|Any CPU = Debug-2023|Any CPU
		Release-2023|Any CPU = Release-2023|Any CPU
	EndGlobalSection
	GlobalSection(ProjectConfigurationPlatforms) = postSolution
		{B26CFEDB-1042-470F-AE83-6AF82B45A2C2}.Debug-2022|Any CPU.ActiveCfg = Debug-2022|Any CPU
		{B26CFEDB-1042-470F-AE83-6AF82B45A2C2}.Debug-2022|Any CPU.Build.0 = Debug-2022|Any CPU
		{B26CFEDB-1042-470F-AE83-6AF82B45A2C2}.Release-2022|Any CPU.ActiveCfg = Release-2022|Any CPU
		{B26CFEDB-1042-470F-AE83-6AF82B45A2C2}.Release-2022|Any CPU.Build.0 = Release-2022|Any CPU
		{B26CFEDB-1042-470F-AE83-6AF82B45A2C2}.Debug-2023|Any CPU.ActiveCfg = Debug-2023|Any CPU
		{B26CFEDB-1042-470F-AE83-6AF82B45A2C2}.Debug-2023|Any CPU.Build.0 = Debug-2023|Any CPU
		{B26CFEDB-1042-470F-AE83-6AF82B45A2C2}.Release-2023|Any CPU.ActiveCfg = Release-2023|Any CPU
		{B26CFEDB-1042-470F-AE83-6AF82B45A2C2}.Release-2023|Any CPU.Build.0 = Release-2023|Any CPU
	EndGlobalSection
	GlobalSection(SolutionProperties) = preSolution
		HideSolutionNode = FALSE
	EndGlobalSection
	GlobalSection(ExtensibilityGlobals) = postSolution
		SolutionGuid = {441470A8-4AAE-48E0-9711-5A0E2894375E}
	EndGlobalSection
EndGlobal
